
Microsoft Visual Studio Solution File, Format Version 12.00
# Visual Studio Version 17
VisualStudioVersion = 17.5.33530.505
MinimumVisualStudioVersion = 10.0.40219.1
Project("{FAE04EC0-301F-11D3-BF4B-00C04F79EFBC}") = "ITLOOP_HFT_2021221", "ITLOOP_HFT_2021221\ITLOOP_HFT_2021221.csproj", "{78A2F04D-B03A-434C-9ADD-8AD980CB7B10}"
EndProject
Project("{2150E333-8FDC-42A3-9474-1A3956D46DE8}") = "BackEnd", "BackEnd", "{997B11C3-E1C4-4978-9B9C-E178375A88D6}"
EndProject
Project("{2150E333-8FDC-42A3-9474-1A3956D46DE8}") = "FrontEnd", "FrontEnd", "{5EB99BFD-8079-45C3-9DBE-28581AC46F1C}"
EndProject
Project("{2150E333-8FDC-42A3-9474-1A3956D46DE8}") = "Shared", "Shared", "{92D818E8-83B7-47AF-BC1F-81A56B359804}"
EndProject
Project("{9A19103F-16F7-4668-BE54-9A1E7A4F7556}") = "ITLOOP_HFT_2021221.Data", "..\OneDrive\Máy tính\ITLOOP_HFT_2021221\ITLOOP_HFT_2021221\ITLOOP_HFT_2021221.Data\ITLOOP_HFT_2021221.Data.csproj", "{B3E8C13E-20EE-4421-88A5-5308C3927B64}"
EndProject
Project("{9A19103F-16F7-4668-BE54-9A1E7A4F7556}") = "ITLOOP_HFT_2021221.Endpoint", "..\OneDrive\Máy tính\ITLOOP_HFT_2021221\ITLOOP_HFT_2021221\ITLOOP_HFT_2021221.Endpoint\ITLOOP_HFT_2021221.Endpoint.csproj", "{37575C0B-A46E-493E-A3BD-ECD9B60A0AA9}"
EndProject
Project("{9A19103F-16F7-4668-BE54-9A1E7A4F7556}") = "ITLOOP_HFT_2021221.Logic", "..\OneDrive\Máy tính\ITLOOP_HFT_2021221\ITLOOP_HFT_2021221\ITLOOP_HFT_2021221.Logic\ITLOOP_HFT_2021221.Logic.csproj", "{E8F6C1DB-5EEA-4A15-A194-7CD4EFD4F0F9}"
EndProject
Project("{9A19103F-16F7-4668-BE54-9A1E7A4F7556}") = "ITLOOP_HFT_2021221.Repository", "..\OneDrive\Máy tính\ITLOOP_HFT_2021221\ITLOOP_HFT_2021221\ITLOOP_HFT_2021221.Repository\ITLOOP_HFT_2021221.Repository.csproj", "{5DB8C27D-6C12-4A44-86F1-E8FF5A60DE9D}"
EndProject
Project("{9A19103F-16F7-4668-BE54-9A1E7A4F7556}") = "ITLOOP_HFT_2021221.Test", "..\OneDrive\Máy tính\ITLOOP_HFT_2021221\ITLOOP_HFT_2021221\ITLOOP_HFT_2021221.Test\ITLOOP_HFT_2021221.Test.csproj", "{F6DA3330-7058-4288-B6F4-9FEE30270047}"
EndProject
Project("{9A19103F-16F7-4668-BE54-9A1E7A4F7556}") = "ITLOOP_HFT_2021221.Client", "..\OneDrive\Máy tính\ITLOOP_HFT_2021221\ITLOOP_HFT_2021221\ITLOOP_HFT_2021221.Client\ITLOOP_HFT_2021221.Client.csproj", "{EF382EBA-FE28-4F73-9FC0-485A756D0946}"
EndProject
Project("{9A19103F-16F7-4668-BE54-9A1E7A4F7556}") = "ITLOOP_HFT_2021221.JsClient", "..\OneDrive\Máy tính\ITLOOP_HFT_2021221\ITLOOP_HFT_2021221\ITLOOP_HFT_2021221.JsClient\ITLOOP_HFT_2021221.JsClient.csproj", "{9E6A7AA8-226F-45DC-B20B-7B2B438289C0}"
EndProject
Project("{9A19103F-16F7-4668-BE54-9A1E7A4F7556}") = "ITLOOP_HFT_2021221_WPFClient", "..\OneDrive\Máy tính\ITLOOP_HFT_2021221\ITLOOP_HFT_2021221\ITLOOP_HFT_2021221_WPFClient\ITLOOP_HFT_2021221_WPFClient.csproj", "{8B72E368-6069-4223-9260-9AE41F671663}"
EndProject
Project("{9A19103F-16F7-4668-BE54-9A1E7A4F7556}") = "ITLOOP_HFT_2021221.Models", "..\OneDrive\Máy tính\ITLOOP_HFT_2021221\ITLOOP_HFT_2021221\ITLOOP_HFT_2021221.Models\ITLOOP_HFT_2021221.Models.csproj", "{AA93C3F4-B0E7-44F3-A430-D5282A474F50}"
EndProject
Global
	GlobalSection(SolutionConfigurationPlatforms) = preSolution
		Debug|Any CPU = Debug|Any CPU
		Release|Any CPU = Release|Any CPU
	EndGlobalSection
	GlobalSection(ProjectConfigurationPlatforms) = postSolution
		{78A2F04D-B03A-434C-9ADD-8AD980CB7B10}.Debug|Any CPU.ActiveCfg = Debug|Any CPU
		{78A2F04D-B03A-434C-9ADD-8AD980CB7B10}.Debug|Any CPU.Build.0 = Debug|Any CPU
		{78A2F04D-B03A-434C-9ADD-8AD980CB7B10}.Release|Any CPU.ActiveCfg = Release|Any CPU
		{78A2F04D-B03A-434C-9ADD-8AD980CB7B10}.Release|Any CPU.Build.0 = Release|Any CPU
		{B3E8C13E-20EE-4421-88A5-5308C3927B64}.Debug|Any CPU.ActiveCfg = Debug|Any CPU
		{B3E8C13E-20EE-4421-88A5-5308C3927B64}.Debug|Any CPU.Build.0 = Debug|Any CPU
		{B3E8C13E-20EE-4421-88A5-5308C3927B64}.Release|Any CPU.ActiveCfg = Release|Any CPU
		{B3E8C13E-20EE-4421-88A5-5308C3927B64}.Release|Any CPU.Build.0 = Release|Any CPU
		{37575C0B-A46E-493E-A3BD-ECD9B60A0AA9}.Debug|Any CPU.ActiveCfg = Debug|Any CPU
		{37575C0B-A46E-493E-A3BD-ECD9B60A0AA9}.Debug|Any CPU.Build.0 = Debug|Any CPU
		{37575C0B-A46E-493E-A3BD-ECD9B60A0AA9}.Release|Any CPU.ActiveCfg = Release|Any CPU
		{37575C0B-A46E-493E-A3BD-ECD9B60A0AA9}.Release|Any CPU.Build.0 = Release|Any CPU
		{E8F6C1DB-5EEA-4A15-A194-7CD4EFD4F0F9}.Debug|Any CPU.ActiveCfg = Debug|Any CPU
		{E8F6C1DB-5EEA-4A15-A194-7CD4EFD4F0F9}.Debug|Any CPU.Build.0 = Debug|Any CPU
		{E8F6C1DB-5EEA-4A15-A194-7CD4EFD4F0F9}.Release|Any CPU.ActiveCfg = Release|Any CPU
		{E8F6C1DB-5EEA-4A15-A194-7CD4EFD4F0F9}.Release|Any CPU.Build.0 = Release|Any CPU
		{5DB8C27D-6C12-4A44-86F1-E8FF5A60DE9D}.Debug|Any CPU.ActiveCfg = Debug|Any CPU
		{5DB8C27D-6C12-4A44-86F1-E8FF5A60DE9D}.Debug|Any CPU.Build.0 = Debug|Any CPU
		{5DB8C27D-6C12-4A44-86F1-E8FF5A60DE9D}.Release|Any CPU.ActiveCfg = Release|Any CPU
		{5DB8C27D-6C12-4A44-86F1-E8FF5A60DE9D}.Release|Any CPU.Build.0 = Release|Any CPU
		{F6DA3330-7058-4288-B6F4-9FEE30270047}.Debug|Any CPU.ActiveCfg = Debug|Any CPU
		{F6DA3330-7058-4288-B6F4-9FEE30270047}.Debug|Any CPU.Build.0 = Debug|Any CPU
		{F6DA3330-7058-4288-B6F4-9FEE30270047}.Release|Any CPU.ActiveCfg = Release|Any CPU
		{F6DA3330-7058-4288-B6F4-9FEE30270047}.Release|Any CPU.Build.0 = Release|Any CPU
		{EF382EBA-FE28-4F73-9FC0-485A756D0946}.Debug|Any CPU.ActiveCfg = Debug|Any CPU
		{EF382EBA-FE28-4F73-9FC0-485A756D0946}.Debug|Any CPU.Build.0 = Debug|Any CPU
		{EF382EBA-FE28-4F73-9FC0-485A756D0946}.Release|Any CPU.ActiveCfg = Release|Any CPU
		{EF382EBA-FE28-4F73-9FC0-485A756D0946}.Release|Any CPU.Build.0 = Release|Any CPU
		{9E6A7AA8-226F-45DC-B20B-7B2B438289C0}.Debug|Any CPU.ActiveCfg = Debug|Any CPU
		{9E6A7AA8-226F-45DC-B20B-7B2B438289C0}.Debug|Any CPU.Build.0 = Debug|Any CPU
		{9E6A7AA8-226F-45DC-B20B-7B2B438289C0}.Release|Any CPU.ActiveCfg = Release|Any CPU
		{9E6A7AA8-226F-45DC-B20B-7B2B438289C0}.Release|Any CPU.Build.0 = Release|Any CPU
		{8B72E368-6069-4223-9260-9AE41F671663}.Debug|Any CPU.ActiveCfg = Debug|Any CPU
		{8B72E368-6069-4223-9260-9AE41F671663}.Debug|Any CPU.Build.0 = Debug|Any CPU
		{8B72E368-6069-4223-9260-9AE41F671663}.Release|Any CPU.ActiveCfg = Release|Any CPU
		{8B72E368-6069-4223-9260-9AE41F671663}.Release|Any CPU.Build.0 = Release|Any CPU
		{AA93C3F4-B0E7-44F3-A430-D5282A474F50}.Debug|Any CPU.ActiveCfg = Debug|Any CPU
		{AA93C3F4-B0E7-44F3-A430-D5282A474F50}.Debug|Any CPU.Build.0 = Debug|Any CPU
		{AA93C3F4-B0E7-44F3-A430-D5282A474F50}.Release|Any CPU.ActiveCfg = Release|Any CPU
		{AA93C3F4-B0E7-44F3-A430-D5282A474F50}.Release|Any CPU.Build.0 = Release|Any CPU
	EndGlobalSection
	GlobalSection(SolutionProperties) = preSolution
		HideSolutionNode = FALSE
	EndGlobalSection
	GlobalSection(NestedProjects) = preSolution
		{B3E8C13E-20EE-4421-88A5-5308C3927B64} = {997B11C3-E1C4-4978-9B9C-E178375A88D6}
		{37575C0B-A46E-493E-A3BD-ECD9B60A0AA9} = {997B11C3-E1C4-4978-9B9C-E178375A88D6}
		{E8F6C1DB-5EEA-4A15-A194-7CD4EFD4F0F9} = {997B11C3-E1C4-4978-9B9C-E178375A88D6}
		{5DB8C27D-6C12-4A44-86F1-E8FF5A60DE9D} = {997B11C3-E1C4-4978-9B9C-E178375A88D6}
		{F6DA3330-7058-4288-B6F4-9FEE30270047} = {997B11C3-E1C4-4978-9B9C-E178375A88D6}
		{EF382EBA-FE28-4F73-9FC0-485A756D0946} = {5EB99BFD-8079-45C3-9DBE-28581AC46F1C}
		{9E6A7AA8-226F-45DC-B20B-7B2B438289C0} = {5EB99BFD-8079-45C3-9DBE-28581AC46F1C}
		{8B72E368-6069-4223-9260-9AE41F671663} = {5EB99BFD-8079-45C3-9DBE-28581AC46F1C}
		{AA93C3F4-B0E7-44F3-A430-D5282A474F50} = {92D818E8-83B7-47AF-BC1F-81A56B359804}
	EndGlobalSection
	GlobalSection(ExtensibilityGlobals) = postSolution
		SolutionGuid = {9BCECDCB-F02B-49E4-AFD7-EA65A7362FA3}
	EndGlobalSection
EndGlobal
